
Microsoft Visual Studio Solution File, Format Version 12.00
# Visual Studio Version 17
VisualStudioVersion = 17.8.34511.84
MinimumVisualStudioVersion = 10.0.40219.1
Project("{9A19103F-16F7-4668-BE54-9A1E7A4F7556}") = "SushiTime.API", "SushiTime.API.csproj", "{A9391F6B-ECD8-4608-BC70-0434EB8D32F8}"
EndProject
Project("{FAE04EC0-301F-11D3-BF4B-00C04F79EFBC}") = "Services", "..\Services\Services.csproj", "{428BFE53-1461-4166-A66E-7DA998A230B5}"
EndProject
Project("{FAE04EC0-301F-11D3-BF4B-00C04F79EFBC}") = "Infrastructure", "..\Infrastructure\Infrastructure.csproj", "{465E8DA2-1C98-4530-A1D2-2D334CD1C9B5}"
EndProject
Global
	GlobalSection(SolutionConfigurationPlatforms) = preSolution
		Debug|Any CPU = Debug|Any CPU
		Release|Any CPU = Release|Any CPU
	EndGlobalSection
	GlobalSection(ProjectConfigurationPlatforms) = postSolution
		{A9391F6B-ECD8-4608-BC70-0434EB8D32F8}.Debug|Any CPU.ActiveCfg = Debug|Any CPU
		{A9391F6B-ECD8-4608-BC70-0434EB8D32F8}.Debug|Any CPU.Build.0 = Debug|Any CPU
		{A9391F6B-ECD8-4608-BC70-0434EB8D32F8}.Release|Any CPU.ActiveCfg = Release|Any CPU
		{A9391F6B-ECD8-4608-BC70-0434EB8D32F8}.Release|Any CPU.Build.0 = Release|Any CPU
		{428BFE53-1461-4166-A66E-7DA998A230B5}.Debug|Any CPU.ActiveCfg = Debug|Any CPU
		{428BFE53-1461-4166-A66E-7DA998A230B5}.Debug|Any CPU.Build.0 = Debug|Any CPU
		{428BFE53-1461-4166-A66E-7DA998A230B5}.Release|Any CPU.ActiveCfg = Release|Any CPU
		{428BFE53-1461-4166-A66E-7DA998A230B5}.Release|Any CPU.Build.0 = Release|Any CPU
		{465E8DA2-1C98-4530-A1D2-2D334CD1C9B5}.Debug|Any CPU.ActiveCfg = Debug|Any CPU
		{465E8DA2-1C98-4530-A1D2-2D334CD1C9B5}.Debug|Any CPU.Build.0 = Debug|Any CPU
		{465E8DA2-1C98-4530-A1D2-2D334CD1C9B5}.Release|Any CPU.ActiveCfg = Release|Any CPU
		{465E8DA2-1C98-4530-A1D2-2D334CD1C9B5}.Release|Any CPU.Build.0 = Release|Any CPU
	EndGlobalSection
	GlobalSection(SolutionProperties) = preSolution
		HideSolutionNode = FALSE
	EndGlobalSection
	GlobalSection(ExtensibilityGlobals) = postSolution
		SolutionGuid = {5D703F58-6319-4C6E-8C27-C0FA32D0DA45}
	EndGlobalSection
EndGlobal
